<?xml version="1.0" encoding="UTF-8" standalone="yes" ?>
<CodeBlocks_project_file>
	<FileVersion major="1" minor="6" />
	<Project>
		<Option title="Beadando_3" />
		<Option pch_mode="2" />
		<Option compiler="gcc" />
		<Build>
			<Target title="Debug">
				<Option output="bin/Debug/Amoba_beadando" prefix_auto="1" extension_auto="1" />
				<Option object_output="obj/Debug/" />
				<Option type="1" />
				<Option compiler="gcc" />
				<Compiler>
					<Add option="-g" />
					<Add directory="include" />
				</Compiler>
			</Target>
			<Target title="Release">
				<Option output="bin/Release/Amoba_beadando" prefix_auto="1" extension_auto="1" />
				<Option object_output="obj/Release/" />
				<Option type="1" />
				<Option compiler="gcc" />
				<Compiler>
					<Add option="-fexpensive-optimizations" />
					<Add option="-O2" />
					<Add option="-g" />
					<Add directory="include" />
				</Compiler>
				<Linker>
					<Add option="-s" />
				</Linker>
			</Target>
		</Build>
		<Compiler>
			<Add option="-Wall" />
			<Add option="-fexceptions" />
			<Add directory="include" />
		</Compiler>
		<Linker>
			<Add library="lib/libgraphics.a" />
			<Add library="lib/libgraphicsd.a" />
			<Add library="lib/libsdl_ttf.a" />
			<Add library="lib/libSDL.dll.a" />
			<Add library="lib/libSDLmain.a" />
			<Add directory="lib" />
		</Linker>
		<Unit filename="include/BillentyuMegfigyelo.h" />
		<Unit filename="include/CheckBox.h" />
		<Unit filename="include/InputBox.h" />
		<Unit filename="include/InputPasswordBox.h" />
		<Unit filename="include/JatekMester.h" />
		<Unit filename="include/JatekMester.h" />
		<Unit filename="include/Kepernyo.h" />
		<Unit filename="include/LegorduloMenu.h" />
		<Unit filename="include/NyomoGomb.h" />
		<Unit filename="include/SpinBox.h" />
		<Unit filename="include/TextBox.h" />
		<Unit filename="include/Widget.h" />
		<Unit filename="include/graphics.hpp" />
		<Unit filename="include/segedfuggvenyek.h" />
		<Unit filename="main.cpp" />
		<Unit filename="src/BillentyuMegfigyelo.cpp" />
		<Unit filename="src/CheckBox.cpp" />
		<Unit filename="src/InputBox.cpp" />
		<Unit filename="src/InputPasswordBox.cpp" />
		<Unit filename="src/JatekMester.cpp" />
		<Unit filename="src/Kepernyo.cpp" />
		<Unit filename="src/LegorduloMenu.cpp" />
		<Unit filename="src/NyomoGomb.cpp" />
		<Unit filename="src/SpinBox.cpp" />
		<Unit filename="src/TextBox.cpp" />
		<Unit filename="src/Widget.cpp" />
		<Unit filename="src/segedfuggvenyek.cpp" />
		<Extensions>
			<code_completion />
			<debugger />
			<envvars />
		</Extensions>
	</Project>
</CodeBlocks_project_file>
